
Microsoft Visual Studio Solution File, Format Version 12.00
# Visual Studio Version 17
VisualStudioVersion = 17.5.33502.453
MinimumVisualStudioVersion = 10.0.40219.1
Project("{FAE04EC0-301F-11D3-BF4B-00C04F79EFBC}") = "TestAuth", "TestAuth\TestAuth.csproj", "{2668803F-0474-4F6D-8D3E-65E92D4162B8}"
EndProject
Global
	GlobalSection(SolutionConfigurationPlatforms) = preSolution
		Debug|Any CPU = Debug|Any CPU
		Release|Any CPU = Release|Any CPU
	EndGlobalSection
	GlobalSection(ProjectConfigurationPlatforms) = postSolution
		{2668803F-0474-4F6D-8D3E-65E92D4162B8}.Debug|Any CPU.ActiveCfg = Debug|Any CPU
		{2668803F-0474-4F6D-8D3E-65E92D4162B8}.Debug|Any CPU.Build.0 = Debug|Any CPU
		{2668803F-0474-4F6D-8D3E-65E92D4162B8}.Release|Any CPU.ActiveCfg = Release|Any CPU
		{2668803F-0474-4F6D-8D3E-65E92D4162B8}.Release|Any CPU.Build.0 = Release|Any CPU
	EndGlobalSection
	GlobalSection(SolutionProperties) = preSolution
		HideSolutionNode = FALSE
	EndGlobalSection
	GlobalSection(ExtensibilityGlobals) = postSolution
		SolutionGuid = {CB23C358-1762-4DE6-A971-CA173D15F5FA}
	EndGlobalSection
EndGlobal
